
Microsoft Visual Studio Solution File, Format Version 12.00
# Visual Studio Version 16
VisualStudioVersion = 16.0.30804.86
MinimumVisualStudioVersion = 10.0.40219.1
Project("{2150E333-8FDC-42A3-9474-1A3956D46DE8}") = "MockMetadataReaderService", "MockMetadataReaderService", "{B56A0725-80F7-442C-A6B0-0D49FFDD0E58}"
EndProject
Project("{2150E333-8FDC-42A3-9474-1A3956D46DE8}") = "MockDataGeneratorService", "MockDataGeneratorService", "{49BAFA71-EF4D-4A42-B7CA-F73FB45F34C4}"
EndProject
Project("{2150E333-8FDC-42A3-9474-1A3956D46DE8}") = "Tests", "Tests", "{F905A267-33DE-420D-AE93-5977445D1758}"
EndProject
Project("{9A19103F-16F7-4668-BE54-9A1E7A4F7556}") = "IntegrationTests", "Tests\IntegrationTests\IntegrationTests.csproj", "{31C45424-FFCB-4CB5-912F-84887C6DFAE6}"
EndProject
Project("{9A19103F-16F7-4668-BE54-9A1E7A4F7556}") = "MockDataGenerator", "MockDataGeneratorService\MockDataGenerator.csproj", "{963A04EF-26AE-4942-AE91-3AED661F07AE}"
EndProject
Project("{9A19103F-16F7-4668-BE54-9A1E7A4F7556}") = "MockDataGeneratorTests", "Tests\MockDataGeneratorTests\MockDataGeneratorTests.csproj", "{3F9654F3-FBCD-45D4-B790-618BB25FD43A}"
EndProject
Project("{9A19103F-16F7-4668-BE54-9A1E7A4F7556}") = "MockMetadataReader", "MockMetadataReaderService\MockMetadataReader.csproj", "{B24AB8F4-C9D4-44B4-A6F7-07EF2E5925F0}"
EndProject
Project("{9A19103F-16F7-4668-BE54-9A1E7A4F7556}") = "MockMetadataReaderTests", "Tests\MockMetadataReaderTests\MockMetadataReaderTests.csproj", "{ED7E5630-DF37-4815-9DCB-A18EC5DE3A9B}"
EndProject
Global
	GlobalSection(SolutionConfigurationPlatforms) = preSolution
		Debug|Any CPU = Debug|Any CPU
		Release|Any CPU = Release|Any CPU
	EndGlobalSection
	GlobalSection(ProjectConfigurationPlatforms) = postSolution
		{31C45424-FFCB-4CB5-912F-84887C6DFAE6}.Debug|Any CPU.ActiveCfg = Debug|Any CPU
		{31C45424-FFCB-4CB5-912F-84887C6DFAE6}.Debug|Any CPU.Build.0 = Debug|Any CPU
		{31C45424-FFCB-4CB5-912F-84887C6DFAE6}.Release|Any CPU.ActiveCfg = Release|Any CPU
		{31C45424-FFCB-4CB5-912F-84887C6DFAE6}.Release|Any CPU.Build.0 = Release|Any CPU
		{963A04EF-26AE-4942-AE91-3AED661F07AE}.Debug|Any CPU.ActiveCfg = Debug|Any CPU
		{963A04EF-26AE-4942-AE91-3AED661F07AE}.Debug|Any CPU.Build.0 = Debug|Any CPU
		{963A04EF-26AE-4942-AE91-3AED661F07AE}.Release|Any CPU.ActiveCfg = Release|Any CPU
		{963A04EF-26AE-4942-AE91-3AED661F07AE}.Release|Any CPU.Build.0 = Release|Any CPU
		{3F9654F3-FBCD-45D4-B790-618BB25FD43A}.Debug|Any CPU.ActiveCfg = Debug|Any CPU
		{3F9654F3-FBCD-45D4-B790-618BB25FD43A}.Debug|Any CPU.Build.0 = Debug|Any CPU
		{3F9654F3-FBCD-45D4-B790-618BB25FD43A}.Release|Any CPU.ActiveCfg = Release|Any CPU
		{3F9654F3-FBCD-45D4-B790-618BB25FD43A}.Release|Any CPU.Build.0 = Release|Any CPU
		{B24AB8F4-C9D4-44B4-A6F7-07EF2E5925F0}.Debug|Any CPU.ActiveCfg = Debug|Any CPU
		{B24AB8F4-C9D4-44B4-A6F7-07EF2E5925F0}.Debug|Any CPU.Build.0 = Debug|Any CPU
		{B24AB8F4-C9D4-44B4-A6F7-07EF2E5925F0}.Release|Any CPU.ActiveCfg = Release|Any CPU
		{B24AB8F4-C9D4-44B4-A6F7-07EF2E5925F0}.Release|Any CPU.Build.0 = Release|Any CPU
		{ED7E5630-DF37-4815-9DCB-A18EC5DE3A9B}.Debug|Any CPU.ActiveCfg = Debug|Any CPU
		{ED7E5630-DF37-4815-9DCB-A18EC5DE3A9B}.Debug|Any CPU.Build.0 = Debug|Any CPU
		{ED7E5630-DF37-4815-9DCB-A18EC5DE3A9B}.Release|Any CPU.ActiveCfg = Release|Any CPU
		{ED7E5630-DF37-4815-9DCB-A18EC5DE3A9B}.Release|Any CPU.Build.0 = Release|Any CPU
	EndGlobalSection
	GlobalSection(SolutionProperties) = preSolution
		HideSolutionNode = FALSE
	EndGlobalSection
	GlobalSection(NestedProjects) = preSolution
		{31C45424-FFCB-4CB5-912F-84887C6DFAE6} = {F905A267-33DE-420D-AE93-5977445D1758}
		{963A04EF-26AE-4942-AE91-3AED661F07AE} = {49BAFA71-EF4D-4A42-B7CA-F73FB45F34C4}
		{3F9654F3-FBCD-45D4-B790-618BB25FD43A} = {F905A267-33DE-420D-AE93-5977445D1758}
		{B24AB8F4-C9D4-44B4-A6F7-07EF2E5925F0} = {B56A0725-80F7-442C-A6B0-0D49FFDD0E58}
		{ED7E5630-DF37-4815-9DCB-A18EC5DE3A9B} = {F905A267-33DE-420D-AE93-5977445D1758}
	EndGlobalSection
	GlobalSection(ExtensibilityGlobals) = postSolution
		SolutionGuid = {FE660F60-ECC9-403B-9DF7-20618967A95B}
	EndGlobalSection
EndGlobal
